
Microsoft Visual Studio Solution File, Format Version 12.00
# Visual Studio 2012
Project("{F184B08F-C81C-45F6-A57F-5ABD9991F28F}") = "VB-GWA-Calculator", "VB-GWA-Calculator\VB-GWA-Calculator.vbproj", "{EF539F3F-6FDB-43C0-BC30-E119F3B10C6F}"
EndProject
Global
	GlobalSection(SolutionConfigurationPlatforms) = preSolution
		Debug|Any CPU = Debug|Any CPU
		Release|Any CPU = Release|Any CPU
	EndGlobalSection
	GlobalSection(ProjectConfigurationPlatforms) = postSolution
		{EF539F3F-6FDB-43C0-BC30-E119F3B10C6F}.Debug|Any CPU.ActiveCfg = Debug|Any CPU
		{EF539F3F-6FDB-43C0-BC30-E119F3B10C6F}.Debug|Any CPU.Build.0 = Debug|Any CPU
		{EF539F3F-6FDB-43C0-BC30-E119F3B10C6F}.Release|Any CPU.ActiveCfg = Release|Any CPU
		{EF539F3F-6FDB-43C0-BC30-E119F3B10C6F}.Release|Any CPU.Build.0 = Release|Any CPU
	EndGlobalSection
	GlobalSection(SolutionProperties) = preSolution
		HideSolutionNode = FALSE
	EndGlobalSection
EndGlobal
